
Microsoft Visual Studio Solution File, Format Version 12.00
# Visual Studio Version 16
VisualStudioVersion = 16.0.32228.343
MinimumVisualStudioVersion = 10.0.40219.1
Project("{9A19103F-16F7-4668-BE54-9A1E7A4F7556}") = "eticaretsitesi", "eticaretsitesi\eticaretsitesi.csproj", "{754E0F24-5832-4B38-992B-03C6A11B5663}"
EndProject
Global
	GlobalSection(SolutionConfigurationPlatforms) = preSolution
		Debug|Any CPU = Debug|Any CPU
		Release|Any CPU = Release|Any CPU
	EndGlobalSection
	GlobalSection(ProjectConfigurationPlatforms) = postSolution
		{754E0F24-5832-4B38-992B-03C6A11B5663}.Debug|Any CPU.ActiveCfg = Debug|Any CPU
		{754E0F24-5832-4B38-992B-03C6A11B5663}.Debug|Any CPU.Build.0 = Debug|Any CPU
		{754E0F24-5832-4B38-992B-03C6A11B5663}.Release|Any CPU.ActiveCfg = Release|Any CPU
		{754E0F24-5832-4B38-992B-03C6A11B5663}.Release|Any CPU.Build.0 = Release|Any CPU
	EndGlobalSection
	GlobalSection(SolutionProperties) = preSolution
		HideSolutionNode = FALSE
	EndGlobalSection
	GlobalSection(ExtensibilityGlobals) = postSolution
		SolutionGuid = {614AA646-432F-43CD-A68A-6A8C3B841128}
	EndGlobalSection
EndGlobal
